
Microsoft Visual Studio Solution File, Format Version 12.00
# Visual Studio Version 16
VisualStudioVersion = 16.0.31229.75
MinimumVisualStudioVersion = 10.0.40219.1
Project("{FAE04EC0-301F-11D3-BF4B-00C04F79EFBC}") = "SWP_G9_PE", "SWP_G9_PE\SWP_G9_PE.csproj", "{D177E8B9-F331-48E5-9B8A-F8EB92D67F7C}"
EndProject
Global
	GlobalSection(SolutionConfigurationPlatforms) = preSolution
		Debug|Any CPU = Debug|Any CPU
		Release|Any CPU = Release|Any CPU
	EndGlobalSection
	GlobalSection(ProjectConfigurationPlatforms) = postSolution
		{D177E8B9-F331-48E5-9B8A-F8EB92D67F7C}.Debug|Any CPU.ActiveCfg = Debug|Any CPU
		{D177E8B9-F331-48E5-9B8A-F8EB92D67F7C}.Debug|Any CPU.Build.0 = Debug|Any CPU
		{D177E8B9-F331-48E5-9B8A-F8EB92D67F7C}.Release|Any CPU.ActiveCfg = Release|Any CPU
		{D177E8B9-F331-48E5-9B8A-F8EB92D67F7C}.Release|Any CPU.Build.0 = Release|Any CPU
	EndGlobalSection
	GlobalSection(SolutionProperties) = preSolution
		HideSolutionNode = FALSE
	EndGlobalSection
	GlobalSection(ExtensibilityGlobals) = postSolution
		SolutionGuid = {F163417B-2057-4795-8505-7986BBDD39AC}
	EndGlobalSection
EndGlobal
